PODS:
  - Alamofire (4.8.1)
  - SDWebImage (5.0.1):
    - SDWebImage/Core (= 5.0.1)
  - SDWebImage/Core (5.0.1)
  - SVProgressHUD (2.2.5)

DEPENDENCIES:
  - Alamofire
  - SDWebImage (~> 5.0)
  - SVProgressHUD

SPEC REPOS:
  https://github.com/CocoaPods/Specs.git:
    - Alamofire
    - SDWebImage
    - SVProgressHUD

SPEC CHECKSUMS:
  Alamofire: 16ce2c353fb72865124ddae8a57c5942388f4f11
  SDWebImage: 27dd2c9ea07a2252f94557c9fbb6105ee94b74c9
  SVProgressHUD: 1428aafac632c1f86f62aa4243ec12008d7a51d6

PODFILE CHECKSUM: 3fe824a5b683c90c7dd7402c8781fc85cf83d835

COCOAPODS: 1.8.4
